github.com/matryer/is v1.4.1 h1:55ehd8zaGABKLXQUe2awZ99BD/PTc2ls+KV/dXphgEQ=
github.com/matryer/is v1.4.1/go.mod h1:8I/i5uYgLzgsgEloJE1U6xx5HkBQpAZvepWuujKwMRU=
github.com/matthewmueller/sshx v0.0.12 h1:WnFduH2Hvm8PqlIWcxDEDcpks3BvPAITnPBxsaTqFto=
github.com/matthewmueller/sshx v0.0.12/go.mod h1:AaHyFD8h5EYKxZvPKxEU7q8XOsCoE36Q0B8aaeqc4dk=
github.com/skeema/knownhosts v1.3.0 h1:AM+y0rI04VksttfwjkSTNQorvGqmwATnvnAHpSgc0LY=
github.com/skeema/knownhosts v1.3.0/go.mod h1:sPINvnADmT/qYH1kfv+ePMmOBTH6Tbl7b5LvTDjFK7M=
golang.org/x/crypto v0.41.0 h1:WKYxWedPGCTVVl5+WHSSrOBT0O8lx32+zxmHxijgXp4=
golang.org/x/crypto v0.41.0/go.mod h1:pO5AFd7FA68rFak7rOAGVuygIISepHftHnr8dr6+sUc=
golang.org/x/sys v0.35.0 h1:vz1N37gP5bs89s7He8XuIYXpyY0+QlsKmzipCbUtyxI=
golang.org/x/sys v0.35.0/go.mod h1:BJP2sWEmIv4KK5OTEluFJCKSidICx8ciO85XgH3Ak8k=
golang.org/x/term v0.34.0 h1:O/2T7POpk0ZZ7MAzMeWFSg6S5IpWd/RXDlM9hgM3DR4=
golang.org/x/term v0.34.0/go.mod h1:5jC53AEywhIVebHgPVeg0mj8OD3VO9OzclacVrqpaAw=
